{
	"name": "template-h5",
	"version": "1.0.0",
	"lockfileVersion": 2,
	"requires": true,
	"packages": {
		"": {
			"name": "template-h5",
			"version": "1.0.0",
			"license": "ISC",
			"dependencies": {
				"underscore": "^1.13.1"
			}
		},
		"node_modules/underscore": {
			"version": "1.13.1",
			"resolved": "https://registry.npm.taobao.org/underscore/download/underscore-1.13.1.tgz",
			"integrity": "sha1-DBxr0t9UtrafIxQGbWW2zeb8+dE="
		}
	},
	"dependencies": {
		"underscore": {
			"version": "1.13.1",
			"resolved": "https://registry.npm.taobao.org/underscore/download/underscore-1.13.1.tgz",
			"integrity": "sha1-DBxr0t9UtrafIxQGbWW2zeb8+dE="
		}
	}
}
